github.com/chewxy/math32 v1.11.1 h1:b7PGHlp8KjylDoU8RrcEsRuGZhJuz8haxnKfuMMRqy8=
github.com/chewxy/math32 v1.11.1/go.mod h1:dOB2rcuFrCn6UHrze36WSLVPKtzPMRAQvBvUwkSsLqs=
github.com/frankban/quicktest v1.10.2 h1:19ARM85nVi4xH7xPXuc5eM/udya5ieh7b/Sv+d844Tk=
github.com/frankban/quicktest v1.10.2/go.mod h1:K+q6oSqb0W0Ininfk863uOk1lMy69l/P6txr3mVT54s=
github.com/google/go-cmp v0.6.0 h1:ofyhxvXcZhMsU5ulbFiLKl/XBFqE1GSq7atu8tAmTRI=
github.com/google/go-cmp v0.6.0/go.mod h1:17dUlkBOakJ0+DkrSSNjCkIjxS6bF9zb3elmeNGIjoY=
github.com/google/shlex v0.0.0-20191202100458-e7afc7fbc510 h1:El6M4kTTCOh6aBiKaUGG7oYTSPP8MxqL4YI3kZKwcP4=
github.com/google/shlex v0.0.0-20191202100458-e7afc7fbc510/go.mod h1:pupxD2MaaD3pAXIBCelhxNneeOaAeabZDe5s4K6zSpQ=
github.com/itchio/lzma v0.0.0-20190703113020-d3e24e3e3d49 h1:+YrBMf3rkLjkT10zIHyVE4S7ma4hqvfjl6XgnzZwS6o=
github.com/itchio/lzma v0.0.0-20190703113020-d3e24e3e3d49/go.mod h1:avNrevQMli1pYPsz1+HIHMvx95pk6O+6otbWqCZPeZI=
github.com/kr/pretty v0.2.1 h1:Fmg33tUaq4/8ym9TJN1x7sLJnHVwhP33CNkpYV/7rwI=
github.com/kr/pretty v0.2.1/go.mod h1:ipq/a2n7PKx3OHsz4KJII5eveXtPO4qwEXGdVfWzfnI=
github.com/kr/text v0.1.0 h1:45sCR5RtlFHMR4UwH9sdQ5TC8v0qDQCHnXt+kaKSTVE=
github.com/kr/text v0.1.0/go.mod h1:4Jbv+DJW3UT/LiOwJeYQe1efqtUx/iVham/4vfdArNI=
github.com/sago35/koebiten v0.4.0 h1:n4scLZGPPfqb6yY9phzbn5n9+kqCdll/ifxQ7Y0VRzA=
github.com/sago35/koebiten v0.4.0/go.mod h1:p4D/TJE8vSrPp+Za1GUJnU3Gio4qzpu307MFxtjt/QM=
github.com/sago35/koebiten v0.5.0 h1:LHkyKaK6s2T7OQblV3GN6ZHcg5wzoC9OvkByNutYKJk=
github.com/sago35/koebiten v0.5.0/go.mod h1:p4D/TJE8vSrPp+Za1GUJnU3Gio4qzpu307MFxtjt/QM=
github.com/sago35/tinygo-keyboard v0.8.0 h1:orEMW6V2FNpeziyyy9guNBclsnnsKJknq2BiAwEtaYs=
github.com/sago35/tinygo-keyboard v0.8.0/go.mod h1:3J3aKr3uJmkZdrD+ArQCU7itJhXanSa3wmYL1R1MxkY=
github.com/sago35/tinygo-keyboard v0.8.1-0.20250918002632-425bbf27d354 h1:rx9brfbczyE8Vq2ID+r3gSrdir1CT1LPijHz9GcIdE8=
github.com/sago35/tinygo-keyboard v0.8.1-0.20250918002632-425bbf27d354/go.mod h1:3J3aKr3uJmkZdrD+ArQCU7itJhXanSa3wmYL1R1MxkY=
github.com/sago35/tinygo-keyboard v0.8.1-0.20260213001151-55c3b1239d0f h1:bp8fnZI0HzPazuYbqFJBet9xqQ5sG2O9gbV5DuImo/s=
github.com/sago35/tinygo-keyboard v0.8.1-0.20260213001151-55c3b1239d0f/go.mod h1:3J3aKr3uJmkZdrD+ArQCU7itJhXanSa3wmYL1R1MxkY=
github.com/tinygo-org/pio v0.2.0 h1:vo3xa6xDZ2rVtxrks/KcTZHF3qq4lyWOntvEvl2pOhU=
github.com/tinygo-org/pio v0.2.0/go.mod h1:LU7Dw00NJ+N86QkeTGjMLNkYcEYMor6wTDpTCu0EaH8=
golang.org/x/exp v0.0.0-20250819193227-8b4c13bb791b h1:DXr+pvt3nC887026GRP39Ej11UATqWDmWuS99x26cD0=
golang.org/x/exp v0.0.0-20250819193227-8b4c13bb791b/go.mod h1:4QTo5u+SEIbbKW1RacMZq1YEfOBqeXa19JeshGi+zc4=
golang.org/x/exp v0.0.0-20260212183809-81e46e3db34a h1:ovFr6Z0MNmU7nH8VaX5xqw+05ST2uO1exVfZPVqRC5o=
golang.org/x/exp v0.0.0-20260212183809-81e46e3db34a/go.mod h1:K79w1Vqn7PoiZn+TkNpx3BUWUQksGO3JcVX6qIjytmA=
tinygo.org/x/drivers v0.33.0 h1:5r8Ab0IxjWQi7LzYLNWpya6U4nedo9ZtxeMaAzrJTG8=
tinygo.org/x/drivers v0.33.0/go.mod h1:ZdErNrApSABdVXjA1RejD67R8SNRI6RKVfYgQDZtKtk=
tinygo.org/x/drivers v0.34.0 h1:lw8ePJeUSn9oICKBvQXHC9TIE+J00OfXfkGTrpXM9Iw=
tinygo.org/x/drivers v0.34.0/go.mod h1:ZdErNrApSABdVXjA1RejD67R8SNRI6RKVfYgQDZtKtk=
tinygo.org/x/tinydraw v0.4.0 h1:U9V0mHz8/jPShKjlh199vCfq1ARFyUOD1b+FfqIwV8c=
tinygo.org/x/tinydraw v0.4.0/go.mod h1:WCV/EMljTv8w04iAxjv+fRD6/4ffx0afATYeJlN90Yo=
tinygo.org/x/tinyfont v0.6.0 h1:GibXDSFz6xrWnEDkDRo6vsbOyRw0MVj/eza3zNHMSHs=
tinygo.org/x/tinyfont v0.6.0/go.mod h1:onflMSkpWl7r7j4MIqhPEVV39pn7yL4N3MOePl3G+G8=
